Microsoft Visual Studio Solution File, Format Version 12.00
# Visual Studio Version 17
VisualStudioVersion = 17.13.35931.197
MinimumVisualStudioVersion = 10.0.40219.1
Project("{FAE04EC0-301F-11D3-BF4B-00C04F79EFBC}") = "btvn", "btvn\btvn.csproj", "{DE503AF5-62F4-4EC5-9353-778F1D48DA45}"
EndProject
Global
	GlobalSection(SolutionConfigurationPlatforms) = preSolution
		Debug|Any CPU = Debug|Any CPU
		Release|Any CPU = Release|Any CPU
	EndGlobalSection
	GlobalSection(ProjectConfigurationPlatforms) = postSolution
		{DE503AF5-62F4-4EC5-9353-778F1D48DA45}.Debug|Any CPU.ActiveCfg = Debug|Any CPU
		{DE503AF5-62F4-4EC5-9353-778F1D48DA45}.Debug|Any CPU.Build.0 = Debug|Any CPU
		{DE503AF5-62F4-4EC5-9353-778F1D48DA45}.Release|Any CPU.ActiveCfg = Release|Any CPU
		{DE503AF5-62F4-4EC5-9353-778F1D48DA45}.Release|Any CPU.Build.0 = Release|Any CPU
	EndGlobalSection
	GlobalSection(SolutionProperties) = preSolution
		HideSolutionNode = FALSE
	EndGlobalSection
	GlobalSection(ExtensibilityGlobals) = postSolution
		SolutionGuid = {8A6A42EE-8251-43B7-A3B2-8FE20F012FC0}
	EndGlobalSection
EndGlobal
